
Microsoft Visual Studio Solution File, Format Version 12.00
# Visual Studio Version 17
VisualStudioVersion = 17.3.32922.545
MinimumVisualStudioVersion = 10.0.40219.1
Project("{FAE04EC0-301F-11D3-BF4B-00C04F79EFBC}") = "ComboBoxExample", "ComboBoxExample\ComboBoxExample.csproj", "{F27D6E46-55EA-406E-A703-D25516A73B33}"
EndProject
Global
	GlobalSection(SolutionConfigurationPlatforms) = preSolution
		Debug|Any CPU = Debug|Any CPU
		Release|Any CPU = Release|Any CPU
	EndGlobalSection
	GlobalSection(ProjectConfigurationPlatforms) = postSolution
		{F27D6E46-55EA-406E-A703-D25516A73B33}.Debug|Any CPU.ActiveCfg = Debug|Any CPU
		{F27D6E46-55EA-406E-A703-D25516A73B33}.Debug|Any CPU.Build.0 = Debug|Any CPU
		{F27D6E46-55EA-406E-A703-D25516A73B33}.Release|Any CPU.ActiveCfg = Release|Any CPU
		{F27D6E46-55EA-406E-A703-D25516A73B33}.Release|Any CPU.Build.0 = Release|Any CPU
	EndGlobalSection
	GlobalSection(SolutionProperties) = preSolution
		HideSolutionNode = FALSE
	EndGlobalSection
	GlobalSection(ExtensibilityGlobals) = postSolution
		SolutionGuid = {BBA08875-D697-41BA-A8D2-EF02D2936E83}
	EndGlobalSection
EndGlobal
